// !$*UTF8*$!
{
	archiveVersion = 1;
	classes = {
	};
	objectVersion = 50;
	objects = {

/* Begin PBXBuildFile section */
		2A007C923ACA1167442702DD /* Pods_AgonUITests.framework in Frameworks */ = {isa = PBXBuildFile; fileRef = FD9B167BF04C0848A8E4A62A /* Pods_AgonUITests.framework */; };
		8B7B10DF2191C160005308CC /* CheckLoginViewController.swift in Sources */ = {isa = PBXBuildFile; fileRef = 8B7B10DE2191C160005308CC /* CheckLoginViewController.swift */; };
		8BDC2EDC218C8F5600A7B4A2 /* AppDelegate.swift in Sources */ = {isa = PBXBuildFile; fileRef = 8BDC2EDB218C8F5600A7B4A2 /* AppDelegate.swift */; };
		8BDC2EDE218C8F5600A7B4A2 /* ViewController.swift in Sources */ = {isa = PBXBuildFile; fileRef = 8BDC2EDD218C8F5600A7B4A2 /* ViewController.swift */; };
		8BDC2EE1218C8F5600A7B4A2 /* Main.storyboard in Resources */ = {isa = PBXBuildFile; fileRef = 8BDC2EDF218C8F5600A7B4A2 /* Main.storyboard */; };
		8BDC2EE3218C8F5700A7B4A2 /* Assets.xcassets in Resources */ = {isa = PBXBuildFile; fileRef = 8BDC2EE2218C8F5700A7B4A2 /* Assets.xcassets */; };
		8BDC2EE6218C8F5700A7B4A2 /* LaunchScreen.storyboard in Resources */ = {isa = PBXBuildFile; fileRef = 8BDC2EE4218C8F5700A7B4A2 /* LaunchScreen.storyboard */; };
		8BDC2EF1218C8F5700A7B4A2 /* AgonTests.swift in Sources */ = {isa = PBXBuildFile; fileRef = 8BDC2EF0218C8F5700A7B4A2 /* AgonTests.swift */; };
		8BDC2EFC218C8F5700A7B4A2 /* AgonUITests.swift in Sources */ = {isa = PBXBuildFile; fileRef = 8BDC2EFB218C8F5700A7B4A2 /* AgonUITests.swift */; };
		BD74B9BC2D9ADA6A225DA7D8 /* Pods_AgonTests.framework in Frameworks */ = {isa = PBXBuildFile; fileRef = FCC0634A7DBEE0CFE26EB398 /* Pods_AgonTests.framework */; };
		FAE44C81240E8809B652B92B /* Pods_Agon.framework in Frameworks */ = {isa = PBXBuildFile; fileRef = 07FA020758ED65DC54559303 /* Pods_Agon.framework */; };
/* End PBXBuildFile section */

/* Begin PBXContainerItemProxy section */
		8BDC2EED218C8F5700A7B4A2 /* PBXContainerItemProxy */ = {
			isa = PBXContainerItemProxy;
			containerPortal = 8BDC2ED0218C8F5600A7B4A2 /* Project object */;
			proxyType = 1;
			remoteGlobalIDString = 8BDC2ED7218C8F5600A7B4A2;
			remoteInfo = Agon;
		};
		8BDC2EF8218C8F5700A7B4A2 /* PBXContainerItemProxy */ = {
			isa = PBXContainerItemProxy;
			containerPortal = 8BDC2ED0218C8F5600A7B4A2 /* Project object */;
			proxyType = 1;
			remoteGlobalIDString = 8BDC2ED7218C8F5600A7B4A2;
			remoteInfo = Agon;
		};
/* End PBXContainerItemProxy section */

/* Begin PBXFileReference section */
		07FA020758ED65DC54559303 /* Pods_Agon.framework */ = {isa = PBXFileReference; explicitFileType = wrapper.framework; includeInIndex = 0; path = Pods_Agon.framework; sourceTree = BUILT_PRODUCTS_DIR; };
		8B7B10DE2191C160005308CC /* CheckLoginViewController.swift */ = {isa = PBXFileReference; lastKnownFileType = sourcecode.swift; path = CheckLoginViewController.swift; sourceTree = "<group>"; };
		8BDC2ED8218C8F5600A7B4A2 /* Agon.app */ = {isa = PBXFileReference; explicitFileType = wrapper.application; includeInIndex = 0; path = Agon.app; sourceTree = BUILT_PRODUCTS_DIR; };
		8BDC2EDB218C8F5600A7B4A2 /* AppDelegate.swift */ = {isa = PBXFileReference; lastKnownFileType = sourcecode.swift; path = AppDelegate.swift; sourceTree = "<group>"; };
		8BDC2EDD218C8F5600A7B4A2 /* ViewController.swift */ = {isa = PBXFileReference; lastKnownFileType = sourcecode.swift; path = ViewController.swift; sourceTree = "<group>"; };
		8BDC2EE0218C8F5600A7B4A2 /* Base */ = {isa = PBXFileReference; lastKnownFileType = file.storyboard; name = Base; path = Base.lproj/Main.storyboard; sourceTree = "<group>"; };
		8BDC2EE2218C8F5700A7B4A2 /* Assets.xcassets */ = {isa = PBXFileReference; lastKnownFileType = folder.assetcatalog; path = Assets.xcassets; sourceTree = "<group>"; };
		8BDC2EE5218C8F5700A7B4A2 /* Base */ = {isa = PBXFileReference; lastKnownFileType = file.storyboard; name = Base; path = Base.lproj/LaunchScreen.storyboard; sourceTree = "<group>"; };
		8BDC2EE7218C8F5700A7B4A2 /* Info.plist */ = {isa = PBXFileReference; lastKnownFileType = text.plist.xml; path = Info.plist; sourceTree = "<group>"; };
		8BDC2EEC218C8F5700A7B4A2 /* AgonTests.xctest */ = {isa = PBXFileReference; explicitFileType = wrapper.cfbundle; includeInIndex = 0; path = AgonTests.xctest; sourceTree = BUILT_PRODUCTS_DIR; };
		8BDC2EF0218C8F5700A7B4A2 /* AgonTests.swift */ = {isa = PBXFileReference; lastKnownFileType = sourcecode.swift; path = AgonTests.swift; sourceTree = "<group>"; };
		8BDC2EF2218C8F5700A7B4A2 /* Info.plist */ = {isa = PBXFileReference; lastKnownFileType = text.plist.xml; path = Info.plist; sourceTree = "<group>"; };
		8BDC2EF7218C8F5700A7B4A2 /* AgonUITests.xctest */ = {isa = PBXFileReference; explicitFileType = wrapper.cfbundle; includeInIndex = 0; path = AgonUITests.xctest; sourceTree = BUILT_PRODUCTS_DIR; };
		8BDC2EFB218C8F5700A7B4A2 /* AgonUITests.swift */ = {isa = PBXFileReference; lastKnownFileType = sourcecode.swift; path = AgonUITests.swift; sourceTree = "<group>"; };
		8BDC2EFD218C8F5700A7B4A2 /* Info.plist */ = {isa = PBXFileReference; lastKnownFileType = text.plist.xml; path = Info.plist; sourceTree = "<group>"; };
		9546D991DC59F7D5E7672322 /* Pods-AgonUITests.debug.xcconfig */ = {isa = PBXFileReference; includeInIndex = 1; lastKnownFileType = text.xcconfig; name = "Pods-AgonUITests.debug.xcconfig"; path = "Pods/Target Support Files/Pods-AgonUITests/Pods-AgonUITests.debug.xcconfig"; sourceTree = "<group>"; };
		9A28C3BC8F5DD246426CFB8B /* Pods-Agon.debug.xcconfig */ = {isa = PBXFileReference; includeInIndex = 1; lastKnownFileType = text.xcconfig; name = "Pods-Agon.debug.xcconfig"; path = "Pods/Target Support Files/Pods-Agon/Pods-Agon.debug.xcconfig"; sourceTree = "<group>"; };
		B93017B52BCEED8B1A5EA9AE /* Pods-Agon.release.xcconfig */ = {isa = PBXFileReference; includeInIndex = 1; lastKnownFileType = text.xcconfig; name = "Pods-Agon.release.xcconfig"; path = "Pods/Target Support Files/Pods-Agon/Pods-Agon.release.xcconfig"; sourceTree = "<group>"; };
		C131F4B1076EEE1EA118E15B /* Pods-AgonUITests.release.xcconfig */ = {isa = PBXFileReference; includeInIndex = 1; lastKnownFileType = text.xcconfig; name = "Pods-AgonUITests.release.xcconfig"; path = "Pods/Target Support Files/Pods-AgonUITests/Pods-AgonUITests.release.xcconfig"; sourceTree = "<group>"; };
		E1A23E10CEA6F1A4C2A000C8 /* Pods-AgonTests.release.xcconfig */ = {isa = PBXFileReference; includeInIndex = 1; lastKnownFileType = text.xcconfig; name = "Pods-AgonTests.release.xcconfig"; path = "Pods/Target Support Files/Pods-AgonTests/Pods-AgonTests.release.xcconfig"; sourceTree = "<group>"; };
		E6F12994235032A757587AC1 /* Pods-AgonTests.debug.xcconfig */ = {isa = PBXFileReference; includeInIndex = 1; lastKnownFileType = text.xcconfig; name = "Pods-AgonTests.debug.xcconfig"; path = "Pods/Target Support Files/Pods-AgonTests/Pods-AgonTests.debug.xcconfig"; sourceTree = "<group>"; };
		FCC0634A7DBEE0CFE26EB398 /* Pods_AgonTests.framework */ = {isa = PBXFileReference; explicitFileType = wrapper.framework; includeInIndex = 0; path = Pods_AgonTests.framework; sourceTree = BUILT_PRODUCTS_DIR; };
		FD9B167BF04C0848A8E4A62A /* Pods_AgonUITests.framework */ = {isa = PBXFileReference; explicitFileType = wrapper.framework; includeInIndex = 0; path = Pods_AgonUITests.framework; sourceTree = BUILT_PRODUCTS_DIR; };
/* End PBXFileReference section */

/* Begin PBXFrameworksBuildPhase section */
		8BDC2ED5218C8F5600A7B4A2 /* Frameworks */ = {
			isa = PBXFrameworksBuildPhase;
			buildActionMask = 2147483647;
			files = (
				FAE44C81240E8809B652B92B /* Pods_Agon.framework in Frameworks */,
			);
			runOnlyForDeploymentPostprocessing = 0;
		};
		8BDC2EE9218C8F5700A7B4A2 /* Frameworks */ = {
			isa = PBXFrameworksBuildPhase;
			buildActionMask = 2147483647;
			files = (
				BD74B9BC2D9ADA6A225DA7D8 /* Pods_AgonTests.framework in Frameworks */,
			);
			runOnlyForDeploymentPostprocessing = 0;
		};
		8BDC2EF4218C8F5700A7B4A2 /* Frameworks */ = {
			isa = PBXFrameworksBuildPhase;
			buildActionMask = 2147483647;
			files = (
				2A007C923ACA1167442702DD /* Pods_AgonUITests.framework in Frameworks */,
			);
			runOnlyForDeploymentPostprocessing = 0;
		};
/* End PBXFrameworksBuildPhase section */

/* Begin PBXGroup section */
		8BDC2ECF218C8F5600A7B4A2 = {
			isa = PBXGroup;
			children = (
				8BDC2EDA218C8F5600A7B4A2 /* Agon */,
				8BDC2EEF218C8F5700A7B4A2 /* AgonTests */,
				8BDC2EFA218C8F5700A7B4A2 /* AgonUITests */,
				8BDC2ED9218C8F5600A7B4A2 /* Products */,
				A1779D30AC11E8A3ADB518CF /* Pods */,
				D9F4E0676E569FEC1F754794 /* Frameworks */,
			);
			sourceTree = "<group>";
		};
		8BDC2ED9218C8F5600A7B4A2 /* Products */ = {
			isa = PBXGroup;
			children = (
				8BDC2ED8218C8F5600A7B4A2 /* Agon.app */,
				8BDC2EEC218C8F5700A7B4A2 /* AgonTests.xctest */,
				8BDC2EF7218C8F5700A7B4A2 /* AgonUITests.xctest */,
			);
			name = Products;
			sourceTree = "<group>";
		};
		8BDC2EDA218C8F5600A7B4A2 /* Agon */ = {
			isa = PBXGroup;
			children = (
				8BDC2EDB218C8F5600A7B4A2 /* AppDelegate.swift */,
				8BDC2EDD218C8F5600A7B4A2 /* ViewController.swift */,
				8BDC2EDF218C8F5600A7B4A2 /* Main.storyboard */,
				8B7B10DE2191C160005308CC /* CheckLoginViewController.swift */,
				8BDC2EE2218C8F5700A7B4A2 /* Assets.xcassets */,
				8BDC2EE4218C8F5700A7B4A2 /* LaunchScreen.storyboard */,
				8BDC2EE7218C8F5700A7B4A2 /* Info.plist */,
			);
			path = Agon;
			sourceTree = "<group>";
		};
		8BDC2EEF218C8F5700A7B4A2 /* AgonTests */ = {
			isa = PBXGroup;
			children = (
				8BDC2EF0218C8F5700A7B4A2 /* AgonTests.swift */,
				8BDC2EF2218C8F5700A7B4A2 /* Info.plist */,
			);
			path = AgonTests;
			sourceTree = "<group>";
		};
		8BDC2EFA218C8F5700A7B4A2 /* AgonUITests */ = {
			isa = PBXGroup;
			children = (
				8BDC2EFB218C8F5700A7B4A2 /* AgonUITests.swift */,
				8BDC2EFD218C8F5700A7B4A2 /* Info.plist */,
			);
			path = AgonUITests;
			sourceTree = "<group>";
		};
		A1779D30AC11E8A3ADB518CF /* Pods */ = {
			isa = PBXGroup;
			children = (
				9A28C3BC8F5DD246426CFB8B /* Pods-Agon.debug.xcconfig */,
				B93017B52BCEED8B1A5EA9AE /* Pods-Agon.release.xcconfig */,
				E6F12994235032A757587AC1 /* Pods-AgonTests.debug.xcconfig */,
				E1A23E10CEA6F1A4C2A000C8 /* Pods-AgonTests.release.xcconfig */,
				9546D991DC59F7D5E7672322 /* Pods-AgonUITests.debug.xcconfig */,
				C131F4B1076EEE1EA118E15B /* Pods-AgonUITests.release.xcconfig */,
			);
			name = Pods;
			sourceTree = "<group>";
		};
		D9F4E0676E569FEC1F754794 /* Frameworks */ = {
			isa = PBXGroup;
			children = (
				07FA020758ED65DC54559303 /* Pods_Agon.framework */,
				FCC0634A7DBEE0CFE26EB398 /* Pods_AgonTests.framework */,
				FD9B167BF04C0848A8E4A62A /* Pods_AgonUITests.framework */,
			);
			name = Frameworks;
			sourceTree = "<group>";
		};
/* End PBXGroup section */

/* Begin PBXNativeTarget section */
		8BDC2ED7218C8F5600A7B4A2 /* Agon */ = {
			isa = PBXNativeTarget;
			buildConfigurationList = 8BDC2F00218C8F5700A7B4A2 /* Build configuration list for PBXNativeTarget "Agon" */;
			buildPhases = (
				D55E6B71FD6C6522B62D1CF9 /* [CP] Check Pods Manifest.lock */,
				8BDC2ED4218C8F5600A7B4A2 /* Sources */,
				8BDC2ED5218C8F5600A7B4A2 /* Frameworks */,
				8BDC2ED6218C8F5600A7B4A2 /* Resources */,
				D1CA309F698E8C43CACBAECD /* [CP] Embed Pods Frameworks */,
			);
			buildRules = (
			);
			dependencies = (
			);
			name = Agon;
			productName = Agon;
			productReference = 8BDC2ED8218C8F5600A7B4A2 /* Agon.app */;
			productType = "com.apple.product-type.application";
		};
		8BDC2EEB218C8F5700A7B4A2 /* AgonTests */ = {
			isa = PBXNativeTarget;
			buildConfigurationList = 8BDC2F03218C8F5700A7B4A2 /* Build configuration list for PBXNativeTarget "AgonTests" */;
			buildPhases = (
				6DABB4FF56A39D501E421C60 /* [CP] Check Pods Manifest.lock */,
				8BDC2EE8218C8F5700A7B4A2 /* Sources */,
				8BDC2EE9218C8F5700A7B4A2 /* Frameworks */,
				8BDC2EEA218C8F5700A7B4A2 /* Resources */,
				EC43C431C68D79BBD225EDD2 /* [CP] Embed Pods Frameworks */,
			);
			buildRules = (
			);
			dependencies = (
				8BDC2EEE218C8F5700A7B4A2 /* PBXTargetDependency */,
			);
			name = AgonTests;
			productName = AgonTests;
			productReference = 8BDC2EEC218C8F5700A7B4A2 /* AgonTests.xctest */;
			productType = "com.apple.product-type.bundle.unit-test";
		};
		8BDC2EF6218C8F5700A7B4A2 /* AgonUITests */ = {
			isa = PBXNativeTarget;
			buildConfigurationList = 8BDC2F06218C8F5700A7B4A2 /* Build configuration list for PBXNativeTarget "AgonUITests" */;
			buildPhases = (
				B9739C05D5EF25B553990AE6 /* [CP] Check Pods Manifest.lock */,
				8BDC2EF3218C8F5700A7B4A2 /* Sources */,
				8BDC2EF4218C8F5700A7B4A2 /* Frameworks */,
				8BDC2EF5218C8F5700A7B4A2 /* Resources */,
				E38C184AF2164B846177AE6F /* [CP] Embed Pods Frameworks */,
			);
			buildRules = (
			);
			dependencies = (
				8BDC2EF9218C8F5700A7B4A2 /* PBXTargetDependency */,
			);
			name = AgonUITests;
			productName = AgonUITests;
			productReference = 8BDC2EF7218C8F5700A7B4A2 /* AgonUITests.xctest */;
			productType = "com.apple.product-type.bundle.ui-testing";
		};
/* End PBXNativeTarget section */

/* Begin PBXProject section */
		8BDC2ED0218C8F5600A7B4A2 /* Project object */ = {
			isa = PBXProject;
			attributes = {
				LastSwiftUpdateCheck = 0940;
				LastUpgradeCheck = 0940;
				ORGANIZATIONNAME = UNIL;
				TargetAttributes = {
					8BDC2ED7218C8F5600A7B4A2 = {
						CreatedOnToolsVersion = 9.4.1;
						LastSwiftMigration = 1010;
					};
					8BDC2EEB218C8F5700A7B4A2 = {
						CreatedOnToolsVersion = 9.4.1;
						LastSwiftMigration = 1010;
						TestTargetID = 8BDC2ED7218C8F5600A7B4A2;
					};
					8BDC2EF6218C8F5700A7B4A2 = {
						CreatedOnToolsVersion = 9.4.1;
						LastSwiftMigration = 1010;
						TestTargetID = 8BDC2ED7218C8F5600A7B4A2;
					};
				};
			};
			buildConfigurationList = 8BDC2ED3218C8F5600A7B4A2 /* Build configuration list for PBXProject "Agon" */;
			compatibilityVersion = "Xcode 9.3";
			developmentRegion = en;
			hasScannedForEncodings = 0;
			knownRegions = (
				en,
				Base,
			);
			mainGroup = 8BDC2ECF218C8F5600A7B4A2;
			productRefGroup = 8BDC2ED9218C8F5600A7B4A2 /* Products */;
			projectDirPath = "";
			projectRoot = "";
			targets = (
				8BDC2ED7218C8F5600A7B4A2 /* Agon */,
				8BDC2EEB218C8F5700A7B4A2 /* AgonTests */,
				8BDC2EF6218C8F5700A7B4A2 /* AgonUITests */,
			);
		};
/* End PBXProject section */

/* Begin PBXResourcesBuildPhase section */
		8BDC2ED6218C8F5600A7B4A2 /* Resources */ = {
			isa = PBXResourcesBuildPhase;
			buildActionMask = 2147483647;
			files = (
				8BDC2EE6218C8F5700A7B4A2 /* LaunchScreen.storyboard in Resources */,
				8BDC2EE3218C8F5700A7B4A2 /* Assets.xcassets in Resources */,
				8BDC2EE1218C8F5600A7B4A2 /* Main.storyboard in Resources */,
			);
			runOnlyForDeploymentPostprocessing = 0;
		};
		8BDC2EEA218C8F5700A7B4A2 /* Resources */ = {
			isa = PBXResourcesBuildPhase;
			buildActionMask = 2147483647;
			files = (
			);
			runOnlyForDeploymentPostprocessing = 0;
		};
		8BDC2EF5218C8F5700A7B4A2 /* Resources */ = {
			isa = PBXResourcesBuildPhase;
			buildActionMask = 2147483647;
			files = (
			);
			runOnlyForDeploymentPostprocessing = 0;
		};
/* End PBXResourcesBuildPhase section */

/* Begin PBXShellScriptBuildPhase section */
		6DABB4FF56A39D501E421C60 /* [CP] Check Pods Manifest.lock */ = {
			isa = PBXShellScriptBuildPhase;
			buildActionMask = 2147483647;
			files = (
			);
			inputFileListPaths = (
			);
			inputPaths = (
				"${PODS_PODFILE_DIR_PATH}/Podfile.lock",
				"${PODS_ROOT}/Manifest.lock",
			);
			name = "[CP] Check Pods Manifest.lock";
			outputFileListPaths = (
			);
			outputPaths = (
				"$(DERIVED_FILE_DIR)/Pods-AgonTests-checkManifestLockResult.txt",
			);
			runOnlyForDeploymentPostprocessing = 0;
			shellPath = /bin/sh;
			shellScript = "diff \"${PODS_PODFILE_DIR_PATH}/Podfile.lock\" \"${PODS_ROOT}/Manifest.lock\" > /dev/null\nif [ $? != 0 ] ; then\n    # print error to STDERR\n    echo \"error: The sandbox is not in sync with the Podfile.lock. Run 'pod install' or update your CocoaPods installation.\" >&2\n    exit 1\nfi\n# This output is used by Xcode 'outputs' to avoid re-running this script phase.\necho \"SUCCESS\" > \"${SCRIPT_OUTPUT_FILE_0}\"\n";
			showEnvVarsInLog = 0;
		};
		B9739C05D5EF25B553990AE6 /* [CP] Check Pods Manifest.lock */ = {
			isa = PBXShellScriptBuildPhase;
			buildActionMask = 2147483647;
			files = (
			);
			inputFileListPaths = (
			);
			inputPaths = (
				"${PODS_PODFILE_DIR_PATH}/Podfile.lock",
				"${PODS_ROOT}/Manifest.lock",
			);
			name = "[CP] Check Pods Manifest.lock";
			outputFileListPaths = (
			);
			outputPaths = (
				"$(DERIVED_FILE_DIR)/Pods-AgonUITests-checkManifestLockResult.txt",
			);
			runOnlyForDeploymentPostprocessing = 0;
			shellPath = /bin/sh;
			shellScript = "diff \"${PODS_PODFILE_DIR_PATH}/Podfile.lock\" \"${PODS_ROOT}/Manifest.lock\" > /dev/null\nif [ $? != 0 ] ; then\n    # print error to STDERR\n    echo \"error: The sandbox is not in sync with the Podfile.lock. Run 'pod install' or update your CocoaPods installation.\" >&2\n    exit 1\nfi\n# This output is used by Xcode 'outputs' to avoid re-running this script phase.\necho \"SUCCESS\" > \"${SCRIPT_OUTPUT_FILE_0}\"\n";
			showEnvVarsInLog = 0;
		};
		D1CA309F698E8C43CACBAECD /* [CP] Embed Pods Frameworks */ = {
			isa = PBXShellScriptBuildPhase;
			buildActionMask = 2147483647;
			files = (
			);
			inputFileListPaths = (
			);
			inputPaths = (
				"${SRCROOT}/Pods/Target Support Files/Pods-Agon/Pods-Agon-frameworks.sh",
				"${BUILT_PRODUCTS_DIR}/Realm/Realm.framework",
				"${BUILT_PRODUCTS_DIR}/RealmSwift/RealmSwift.framework",
			);
			name = "[CP] Embed Pods Frameworks";
			outputFileListPaths = (
			);
			outputPaths = (
				"${TARGET_BUILD_DIR}/${FRAMEWORKS_FOLDER_PATH}/Realm.framework",
				"${TARGET_BUILD_DIR}/${FRAMEWORKS_FOLDER_PATH}/RealmSwift.framework",
			);
			runOnlyForDeploymentPostprocessing = 0;
			shellPath = /bin/sh;
			shellScript = "\"${SRCROOT}/Pods/Target Support Files/Pods-Agon/Pods-Agon-frameworks.sh\"\n";
			showEnvVarsInLog = 0;
		};
		D55E6B71FD6C6522B62D1CF9 /* [CP] Check Pods Manifest.lock */ = {
			isa = PBXShellScriptBuildPhase;
			buildActionMask = 2147483647;
			files = (
			);
			inputFileListPaths = (
			);
			inputPaths = (
				"${PODS_PODFILE_DIR_PATH}/Podfile.lock",
				"${PODS_ROOT}/Manifest.lock",
			);
			name = "[CP] Check Pods Manifest.lock";
			outputFileListPaths = (
			);
			outputPaths = (
				"$(DERIVED_FILE_DIR)/Pods-Agon-checkManifestLockResult.txt",
			);
			runOnlyForDeploymentPostprocessing = 0;
			shellPath = /bin/sh;
			shellScript = "diff \"${PODS_PODFILE_DIR_PATH}/Podfile.lock\" \"${PODS_ROOT}/Manifest.lock\" > /dev/null\nif [ $? != 0 ] ; then\n    # print error to STDERR\n    echo \"error: The sandbox is not in sync with the Podfile.lock. Run 'pod install' or update your CocoaPods installation.\" >&2\n    exit 1\nfi\n# This output is used by Xcode 'outputs' to avoid re-running this script phase.\necho \"SUCCESS\" > \"${SCRIPT_OUTPUT_FILE_0}\"\n";
			showEnvVarsInLog = 0;
		};
		E38C184AF2164B846177AE6F /* [CP] Embed Pods Frameworks */ = {
			isa = PBXShellScriptBuildPhase;
			buildActionMask = 2147483647;
			files = (
			);
			inputFileListPaths = (
			);
			inputPaths = (
				"${SRCROOT}/Pods/Target Support Files/Pods-AgonUITests/Pods-AgonUITests-frameworks.sh",
				"${BUILT_PRODUCTS_DIR}/Realm/Realm.framework",
				"${BUILT_PRODUCTS_DIR}/RealmSwift/RealmSwift.framework",
			);
			name = "[CP] Embed Pods Frameworks";
			outputFileListPaths = (
			);
			outputPaths = (
				"${TARGET_BUILD_DIR}/${FRAMEWORKS_FOLDER_PATH}/Realm.framework",
				"${TARGET_BUILD_DIR}/${FRAMEWORKS_FOLDER_PATH}/RealmSwift.framework",
			);
			runOnlyForDeploymentPostprocessing = 0;
			shellPath = /bin/sh;
			shellScript = "\"${SRCROOT}/Pods/Target Support Files/Pods-AgonUITests/Pods-AgonUITests-frameworks.sh\"\n";
			showEnvVarsInLog = 0;
		};
		EC43C431C68D79BBD225EDD2 /* [CP] Embed Pods Frameworks */ = {
			isa = PBXShellScriptBuildPhase;
			buildActionMask = 2147483647;
			files = (
			);
			inputFileListPaths = (
			);
			inputPaths = (
				"${SRCROOT}/Pods/Target Support Files/Pods-AgonTests/Pods-AgonTests-frameworks.sh",
				"${BUILT_PRODUCTS_DIR}/Realm/Realm.framework",
				"${BUILT_PRODUCTS_DIR}/RealmSwift/RealmSwift.framework",
			);
			name = "[CP] Embed Pods Frameworks";
			outputFileListPaths = (
			);
			outputPaths = (
				"${TARGET_BUILD_DIR}/${FRAMEWORKS_FOLDER_PATH}/Realm.framework",
				"${TARGET_BUILD_DIR}/${FRAMEWORKS_FOLDER_PATH}/RealmSwift.framework",
			);
			runOnlyForDeploymentPostprocessing = 0;
			shellPath = /bin/sh;
			shellScript = "\"${SRCROOT}/Pods/Target Support Files/Pods-AgonTests/Pods-AgonTests-frameworks.sh\"\n";
			showEnvVarsInLog = 0;
		};
/* End PBXShellScriptBuildPhase section */

/* Begin PBXSourcesBuildPhase section */
		8BDC2ED4218C8F5600A7B4A2 /* Sources */ = {
			isa = PBXSourcesBuildPhase;
			buildActionMask = 2147483647;
			files = (
				8BDC2EDE218C8F5600A7B4A2 /* ViewController.swift in Sources */,
				8BDC2EDC218C8F5600A7B4A2 /* AppDelegate.swift in Sources */,
				8B7B10DF2191C160005308CC /* CheckLoginViewController.swift in Sources */,
			);
			runOnlyForDeploymentPostprocessing = 0;
		};
		8BDC2EE8218C8F5700A7B4A2 /* Sources */ = {
			isa = PBXSourcesBuildPhase;
			buildActionMask = 2147483647;
			files = (
				8BDC2EF1218C8F5700A7B4A2 /* AgonTests.swift in Sources */,
			);
			runOnlyForDeploymentPostprocessing = 0;
		};
		8BDC2EF3218C8F5700A7B4A2 /* Sources */ = {
			isa = PBXSourcesBuildPhase;
			buildActionMask = 2147483647;
			files = (
				8BDC2EFC218C8F5700A7B4A2 /* AgonUITests.swift in Sources */,
			);
			runOnlyForDeploymentPostprocessing = 0;
		};
/* End PBXSourcesBuildPhase section */

/* Begin PBXTargetDependency section */
		8BDC2EEE218C8F5700A7B4A2 /* PBXTargetDependency */ = {
			isa = PBXTargetDependency;
			target = 8BDC2ED7218C8F5600A7B4A2 /* Agon */;
			targetProxy = 8BDC2EED218C8F5700A7B4A2 /* PBXContainerItemProxy */;
		};
		8BDC2EF9218C8F5700A7B4A2 /* PBXTargetDependency */ = {
			isa = PBXTargetDependency;
			target = 8BDC2ED7218C8F5600A7B4A2 /* Agon */;
			targetProxy = 8BDC2EF8218C8F5700A7B4A2 /* PBXContainerItemProxy */;
		};
/* End PBXTargetDependency section */

/* Begin PBXVariantGroup section */
		8BDC2EDF218C8F5600A7B4A2 /* Main.storyboard */ = {
			isa = PBXVariantGroup;
			children = (
				8BDC2EE0218C8F5600A7B4A2 /* Base */,
			);
			name = Main.storyboard;
			sourceTree = "<group>";
		};
		8BDC2EE4218C8F5700A7B4A2 /* LaunchScreen.storyboard */ = {
			isa = PBXVariantGroup;
			children = (
				8BDC2EE5218C8F5700A7B4A2 /* Base */,
			);
			name = LaunchScreen.storyboard;
			sourceTree = "<group>";
		};
/* End PBXVariantGroup section */

/* Begin XCBuildConfiguration section */
		8BDC2EFE218C8F5700A7B4A2 /* Debug */ = {
			isa = XCBuildConfiguration;
			buildSettings = {
				ALWAYS_SEARCH_USER_PATHS = NO;
				CLANG_ANALYZER_NONNULL = YES;
				CLANG_ANALYZER_NUMBER_OBJECT_CONVERSION = YES_AGGRESSIVE;
				CLANG_CXX_LANGUAGE_STANDARD = "gnu++14";
				CLANG_CXX_LIBRARY = "libc++";
				CLANG_ENABLE_MODULES = YES;
				CLANG_ENABLE_OBJC_ARC = YES;
				CLANG_ENABLE_OBJC_WEAK = YES;
				CLANG_WARN_BLOCK_CAPTURE_AUTORELEASING = YES;
				CLANG_WARN_BOOL_CONVERSION = YES;
				CLANG_WARN_COMMA = YES;
				CLANG_WARN_CONSTANT_CONVERSION = YES;
				CLANG_WARN_DEPRECATED_OBJC_IMPLEMENTATIONS = YES;
				CLANG_WARN_DIRECT_OBJC_ISA_USAGE = YES_ERROR;
				CLANG_WARN_DOCUMENTATION_COMMENTS = YES;
				CLANG_WARN_EMPTY_BODY = YES;
				CLANG_WARN_ENUM_CONVERSION = YES;
				CLANG_WARN_INFINITE_RECURSION = YES;
				CLANG_WARN_INT_CONVERSION = YES;
				CLANG_WARN_NON_LITERAL_NULL_CONVERSION = YES;
				CLANG_WARN_OBJC_IMPLICIT_RETAIN_SELF = YES;
				CLANG_WARN_OBJC_LITERAL_CONVERSION = YES;
				CLANG_WARN_OBJC_ROOT_CLASS = YES_ERROR;
				CLANG_WARN_RANGE_LOOP_ANALYSIS = YES;
				CLANG_WARN_STRICT_PROTOTYPES = YES;
				CLANG_WARN_SUSPICIOUS_MOVE = YES;
				CLANG_WARN_UNGUARDED_AVAILABILITY = YES_AGGRESSIVE;
				CLANG_WARN_UNREACHABLE_CODE = YES;
				CLANG_WARN__DUPLICATE_METHOD_MATCH = YES;
				CODE_SIGN_IDENTITY = "iPhone Developer";
				COPY_PHASE_STRIP = NO;
				DEBUG_INFORMATION_FORMAT = dwarf;
				ENABLE_STRICT_OBJC_MSGSEND = YES;
				ENABLE_TESTABILITY = YES;
				GCC_C_LANGUAGE_STANDARD = gnu11;
				GCC_DYNAMIC_NO_PIC = NO;
				GCC_NO_COMMON_BLOCKS = YES;
				GCC_OPTIMIZATION_LEVEL = 0;
				GCC_PREPROCESSOR_DEFINITIONS = (
					"DEBUG=1",
					"$(inherited)",
				);
				GCC_WARN_64_TO_32_BIT_CONVERSION = YES;
				GCC_WARN_ABOUT_RETURN_TYPE = YES_ERROR;
				GCC_WARN_UNDECLARED_SELECTOR = YES;
				GCC_WARN_UNINITIALIZED_AUTOS = YES_AGGRESSIVE;
				GCC_WARN_UNUSED_FUNCTION = YES;
				GCC_WARN_UNUSED_VARIABLE = YES;
				IPHONEOS_DEPLOYMENT_TARGET = 11.4;
				MTL_ENABLE_DEBUG_INFO = YES;
				ONLY_ACTIVE_ARCH = YES;
				SDKROOT = iphoneos;
				SWIFT_ACTIVE_COMPILATION_CONDITIONS = DEBUG;
				SWIFT_OPTIMIZATION_LEVEL = "-Onone";
			};
			name = Debug;
		};
		8BDC2EFF218C8F5700A7B4A2 /* Release */ = {
			isa = XCBuildConfiguration;
			buildSettings = {
				ALWAYS_SEARCH_USER_PATHS = NO;
				CLANG_ANALYZER_NONNULL = YES;
				CLANG_ANALYZER_NUMBER_OBJECT_CONVERSION = YES_AGGRESSIVE;
				CLANG_CXX_LANGUAGE_STANDARD = "gnu++14";
				CLANG_CXX_LIBRARY = "libc++";
				CLANG_ENABLE_MODULES = YES;
				CLANG_ENABLE_OBJC_ARC = YES;
				CLANG_ENABLE_OBJC_WEAK = YES;
				CLANG_WARN_BLOCK_CAPTURE_AUTORELEASING = YES;
				CLANG_WARN_BOOL_CONVERSION = YES;
				CLANG_WARN_COMMA = YES;
				CLANG_WARN_CONSTANT_CONVERSION = YES;
				CLANG_WARN_DEPRECATED_OBJC_IMPLEMENTATIONS = YES;
				CLANG_WARN_DIRECT_OBJC_ISA_USAGE = YES_ERROR;
				CLANG_WARN_DOCUMENTATION_COMMENTS = YES;
				CLANG_WARN_EMPTY_BODY = YES;
				CLANG_WARN_ENUM_CONVERSION = YES;
				CLANG_WARN_INFINITE_RECURSION = YES;
				CLANG_WARN_INT_CONVERSION = YES;
				CLANG_WARN_NON_LITERAL_NULL_CONVERSION = YES;
				CLANG_WARN_OBJC_IMPLICIT_RETAIN_SELF = YES;
				CLANG_WARN_OBJC_LITERAL_CONVERSION = YES;
				CLANG_WARN_OBJC_ROOT_CLASS = YES_ERROR;
				CLANG_WARN_RANGE_LOOP_ANALYSIS = YES;
				CLANG_WARN_STRICT_PROTOTYPES = YES;
				CLANG_WARN_SUSPICIOUS_MOVE = YES;
				CLANG_WARN_UNGUARDED_AVAILABILITY = YES_AGGRESSIVE;
				CLANG_WARN_UNREACHABLE_CODE = YES;
				CLANG_WARN__DUPLICATE_METHOD_MATCH = YES;
				CODE_SIGN_IDENTITY = "iPhone Developer";
				COPY_PHASE_STRIP = NO;
				DEBUG_INFORMATION_FORMAT = "dwarf-with-dsym";
				ENABLE_NS_ASSERTIONS = NO;
				ENABLE_STRICT_OBJC_MSGSEND = YES;
				GCC_C_LANGUAGE_STANDARD = gnu11;
				GCC_NO_COMMON_BLOCKS = YES;
				GCC_WARN_64_TO_32_BIT_CONVERSION = YES;
				GCC_WARN_ABOUT_RETURN_TYPE = YES_ERROR;
				GCC_WARN_UNDECLARED_SELECTOR = YES;
				GCC_WARN_UNINITIALIZED_AUTOS = YES_AGGRESSIVE;
				GCC_WARN_UNUSED_FUNCTION = YES;
				GCC_WARN_UNUSED_VARIABLE = YES;
				IPHONEOS_DEPLOYMENT_TARGET = 11.4;
				MTL_ENABLE_DEBUG_INFO = NO;
				SDKROOT = iphoneos;
				SWIFT_COMPILATION_MODE = wholemodule;
				SWIFT_OPTIMIZATION_LEVEL = "-O";
				VALIDATE_PRODUCT = YES;
			};
			name = Release;
		};
		8BDC2F01218C8F5700A7B4A2 /* Debug */ = {
			isa = XCBuildConfiguration;
			baseConfigurationReference = 9A28C3BC8F5DD246426CFB8B /* Pods-Agon.debug.xcconfig */;
			buildSettings = {
				ASSETCATALOG_COMPILER_APPICON_NAME = AppIcon;
				CODE_SIGN_STYLE = Automatic;
				DEVELOPMENT_TEAM = ENZ5MMTPAC;
				INFOPLIST_FILE = Agon/Info.plist;
				LD_RUNPATH_SEARCH_PATHS = (
					"$(inherited)",
					"@executable_path/Frameworks",
				);
				PRODUCT_BUNDLE_IDENTIFIER = com.unil;
				PRODUCT_NAME = "$(TARGET_NAME)";
				SWIFT_VERSION = 4.2;
				TARGETED_DEVICE_FAMILY = 1;
			};
			name = Debug;
		};
		8BDC2F02218C8F5700A7B4A2 /* Release */ = {
			isa = XCBuildConfiguration;
			baseConfigurationReference = B93017B52BCEED8B1A5EA9AE /* Pods-Agon.release.xcconfig */;
			buildSettings = {
				ASSETCATALOG_COMPILER_APPICON_NAME = AppIcon;
				CODE_SIGN_STYLE = Automatic;
				DEVELOPMENT_TEAM = ENZ5MMTPAC;
				INFOPLIST_FILE = Agon/Info.plist;
				LD_RUNPATH_SEARCH_PATHS = (
					"$(inherited)",
					"@executable_path/Frameworks",
				);
				PRODUCT_BUNDLE_IDENTIFIER = com.unil;
				PRODUCT_NAME = "$(TARGET_NAME)";
				SWIFT_VERSION = 4.2;
				TARGETED_DEVICE_FAMILY = 1;
			};
			name = Release;
		};
		8BDC2F04218C8F5700A7B4A2 /* Debug */ = {
			isa = XCBuildConfiguration;
			baseConfigurationReference = E6F12994235032A757587AC1 /* Pods-AgonTests.debug.xcconfig */;
			buildSettings = {
				ALWAYS_EMBED_SWIFT_STANDARD_LIBRARIES = YES;
				BUNDLE_LOADER = "$(TEST_HOST)";
				CODE_SIGN_STYLE = Automatic;
				DEVELOPMENT_TEAM = M9LLMG6W78;
				INFOPLIST_FILE = AgonTests/Info.plist;
				LD_RUNPATH_SEARCH_PATHS = (
					"$(inherited)",
					"@executable_path/Frameworks",
					"@loader_path/Frameworks",
				);
				PRODUCT_BUNDLE_IDENTIFIER = com.unil.AgonTests;
				PRODUCT_NAME = "$(TARGET_NAME)";
				SWIFT_VERSION = 4.2;
				TARGETED_DEVICE_FAMILY = "1,2";
				TEST_HOST = "$(BUILT_PRODUCTS_DIR)/Agon.app/Agon";
			};
			name = Debug;
		};
		8BDC2F05218C8F5700A7B4A2 /* Release */ = {
			isa = XCBuildConfiguration;
			baseConfigurationReference = E1A23E10CEA6F1A4C2A000C8 /* Pods-AgonTests.release.xcconfig */;
			buildSettings = {
				ALWAYS_EMBED_SWIFT_STANDARD_LIBRARIES = YES;
				BUNDLE_LOADER = "$(TEST_HOST)";
				CODE_SIGN_STYLE = Automatic;
				DEVELOPMENT_TEAM = M9LLMG6W78;
				INFOPLIST_FILE = AgonTests/Info.plist;
				LD_RUNPATH_SEARCH_PATHS = (
					"$(inherited)",
					"@executable_path/Frameworks",
					"@loader_path/Frameworks",
				);
				PRODUCT_BUNDLE_IDENTIFIER = com.unil.AgonTests;
				PRODUCT_NAME = "$(TARGET_NAME)";
				SWIFT_VERSION = 4.2;
				TARGETED_DEVICE_FAMILY = "1,2";
				TEST_HOST = "$(BUILT_PRODUCTS_DIR)/Agon.app/Agon";
			};
			name = Release;
		};
		8BDC2F07218C8F5700A7B4A2 /* Debug */ = {
			isa = XCBuildConfiguration;
			baseConfigurationReference = 9546D991DC59F7D5E7672322 /* Pods-AgonUITests.debug.xcconfig */;
			buildSettings = {
				ALWAYS_EMBED_SWIFT_STANDARD_LIBRARIES = YES;
				CODE_SIGN_STYLE = Automatic;
				DEVELOPMENT_TEAM = M9LLMG6W78;
				INFOPLIST_FILE = AgonUITests/Info.plist;
				LD_RUNPATH_SEARCH_PATHS = (
					"$(inherited)",
					"@executable_path/Frameworks",
					"@loader_path/Frameworks",
				);
				PRODUCT_BUNDLE_IDENTIFIER = com.unil.AgonUITests;
				PRODUCT_NAME = "$(TARGET_NAME)";
				SWIFT_VERSION = 4.2;
				TARGETED_DEVICE_FAMILY = "1,2";
				TEST_TARGET_NAME = Agon;
			};
			name = Debug;
		};
		8BDC2F08218C8F5700A7B4A2 /* Release */ = {
			isa = XCBuildConfiguration;
			baseConfigurationReference = C131F4B1076EEE1EA118E15B /* Pods-AgonUITests.release.xcconfig */;
			buildSettings = {
				ALWAYS_EMBED_SWIFT_STANDARD_LIBRARIES = YES;
				CODE_SIGN_STYLE = Automatic;
				DEVELOPMENT_TEAM = M9LLMG6W78;
				INFOPLIST_FILE = AgonUITests/Info.plist;
				LD_RUNPATH_SEARCH_PATHS = (
					"$(inherited)",
					"@executable_path/Frameworks",
					"@loader_path/Frameworks",
				);
				PRODUCT_BUNDLE_IDENTIFIER = com.unil.AgonUITests;
				PRODUCT_NAME = "$(TARGET_NAME)";
				SWIFT_VERSION = 4.2;
				TARGETED_DEVICE_FAMILY = "1,2";
				TEST_TARGET_NAME = Agon;
			};
			name = Release;
		};
/* End XCBuildConfiguration section */

/* Begin XCConfigurationList section */
		8BDC2ED3218C8F5600A7B4A2 /* Build configuration list for PBXProject "Agon" */ = {
			isa = XCConfigurationList;
			buildConfigurations = (
				8BDC2EFE218C8F5700A7B4A2 /* Debug */,
				8BDC2EFF218C8F5700A7B4A2 /* Release */,
			);
			defaultConfigurationIsVisible = 0;
			defaultConfigurationName = Release;
		};
		8BDC2F00218C8F5700A7B4A2 /* Build configuration list for PBXNativeTarget "Agon" */ = {
			isa = XCConfigurationList;
			buildConfigurations = (
				8BDC2F01218C8F5700A7B4A2 /* Debug */,
				8BDC2F02218C8F5700A7B4A2 /* Release */,
			);
			defaultConfigurationIsVisible = 0;
			defaultConfigurationName = Release;
		};
		8BDC2F03218C8F5700A7B4A2 /* Build configuration list for PBXNativeTarget "AgonTests" */ = {
			isa = XCConfigurationList;
			buildConfigurations = (
				8BDC2F04218C8F5700A7B4A2 /* Debug */,
				8BDC2F05218C8F5700A7B4A2 /* Release */,
			);
			defaultConfigurationIsVisible = 0;
			defaultConfigurationName = Release;
		};
		8BDC2F06218C8F5700A7B4A2 /* Build configuration list for PBXNativeTarget "AgonUITests" */ = {
			isa = XCConfigurationList;
			buildConfigurations = (
				8BDC2F07218C8F5700A7B4A2 /* Debug */,
				8BDC2F08218C8F5700A7B4A2 /* Release */,
			);
			defaultConfigurationIsVisible = 0;
			defaultConfigurationName = Release;
		};
/* End XCConfigurationList section */
	};
	rootObject = 8BDC2ED0218C8F5600A7B4A2 /* Project object */;
}
